{
  "name": "travel-site",
  "version": "1.0.0",
  "lockfileVersion": 1,
  "requires": true,
  "dependencies": {
    "autoprefixer": {
      "version": "9.6.5",
      "resolved": "https://registry.npmjs.org/autoprefixer/-/autoprefixer-9.6.5.tgz",
      "integrity": "sha512-rGd50YV8LgwFQ2WQp4XzOTG69u1qQsXn0amww7tjqV5jJuNazgFKYEVItEBngyyvVITKOg20zr2V+9VsrXJQ2g==",
      "dev": true
    },
    "css-loader": {
      "version": "3.2.0",
      "resolved": "https://registry.npmjs.org/css-loader/-/css-loader-3.2.0.tgz",
      "integrity": "sha512-QTF3Ud5H7DaZotgdcJjGMvyDj5F3Pn1j/sC6VBEOVp94cbwqyIBdcs/quzj4MC1BKQSrTpQznegH/5giYbhnCQ==",
      "dev": true,
      "dependencies": {
        "schema-utils": {
          "version": "2.5.0",
          "resolved": "https://registry.npmjs.org/schema-utils/-/schema-utils-2.5.0.tgz",
          "integrity": "sha512-32ISrwW2scPXHUSusP8qMg5dLUawKkyV+/qIEV9JdXKx+rsM6mi8vZY8khg2M69Qom16rtroWXD3Ybtiws38gQ=="
        }
      }
    },
    "lazysizes": {
      "version": "5.2.1",
      "resolved": "https://registry.npmjs.org/lazysizes/-/lazysizes-5.2.1.tgz",
      "integrity": "sha512-607dEMlbcnkny2lGYVqoA/rQO+WGpWh/BISeS1eLfT8nHQw6E+R8ybJoKKGVlZ2czKPTATrsU95f+nkwix0fXw=="
    },
    "normalize.css": {
      "version": "8.0.1",
      "resolved": "https://registry.npmjs.org/normalize.css/-/normalize.css-8.0.1.tgz",
      "integrity": "sha512-qizSNPO93t1YUuUhP22btGOo3chcvDFqFaj2TRybP0DMxkHOCTYwp3n34fel4a31ORXy4m1Xq0Gyqpb5m33qIg=="
    },
    "postcss-import": {
      "version": "12.0.1",
      "resolved": "https://registry.npmjs.org/postcss-import/-/postcss-import-12.0.1.tgz",
      "integrity": "sha512-3Gti33dmCjyKBgimqGxL3vcV8w9+bsHwO5UrBawp796+jdardbcFl4RP5w/76BwNL7aGzpKstIfF9I+kdE8pTw==",
      "dev": true,
      "dependencies": {
        "postcss-value-parser": {
          "version": "3.3.1",
          "resolved": "https://registry.npmjs.org/postcss-value-parser/-/postcss-value-parser-3.3.1.tgz",
          "integrity": "sha512-pISE66AbVkp4fDQ7VHBwRNXzAAKJjw4Vw7nWI/+Q3vuly7SNfgYXvm6i5IgFylHGK5sP/xHAbB7N49OS4gWNyQ=="
        }
      }
    },
    "postcss-loader": {
      "version": "3.0.0",
      "resolved": "https://registry.npmjs.org/postcss-loader/-/postcss-loader-3.0.0.tgz",
      "integrity": "sha512-cLWoDEY5OwHcAjDnkyRQzAXfs2jrKjXpO/HQFcc5b5u/r7aa471wdmChmwfnv7x2u840iat/wi0lQ5nbRgSkUA==",
      "dev": true
    },
    "postcss-mixins": {
      "version": "6.2.3",
      "resolved": "https://registry.npmjs.org/postcss-mixins/-/postcss-mixins-6.2.3.tgz",
      "integrity": "sha512-gfH5d09YilzDn/CLGFA9Lwv7GTezuyHgnAyXC8AfvhUMpl67ZTewhcpNuOgawClCOD+76XePE2IHO1xMgsOlvA==",
      "dev": true,
      "dependencies": {
        "globby": {
          "version": "8.0.2",
          "resolved": "https://registry.npmjs.org/globby/-/globby-8.0.2.tgz",
          "integrity": "sha512-yTzMmKygLp8RUpG1Ymu2VXPSJQZjNAZPD4ywgYEaG7e4tBJeUQBO8OpXrf1RCNcEs5alsoJYPAMiIHP0cmeC7w=="
        },
        "pify": {
          "version": "3.0.0",
          "resolved": "https://registry.npmjs.org/pify/-/pify-3.0.0.tgz",
          "integrity": "sha1-5aSs0sEB/fPZpNB/DbxNtJ3SgXY="
        },
        "postcss": {
          "version": "7.0.23",
          "resolved": "https://registry.npmjs.org/postcss/-/postcss-7.0.23.tgz",
          "integrity": "sha512-hOlMf3ouRIFXD+j2VJecwssTwbvsPGJVMzupptg+85WA+i7MwyrydmQAgY3R+m0Bc0exunhbJmijy8u8+vufuQ=="
        },
        "source-map": {
          "version": "0.6.1",
          "resolved": "https://registry.npmjs.org/source-map/-/source-map-0.6.1.tgz",
          "integrity": "sha512-UjgapumWlbMhkBgzT7Ykc5YXUT46F0iKu8SGXq0bcwP5dz/h0Plj6enJqjz1Zbq2l5WaqYnrVbwWOWMyF3F47g=="
        }
      }
    },
    "postcss-nested": {
      "version": "4.1.2",
      "resolved": "https://registry.npmjs.org/postcss-nested/-/postcss-nested-4.1.2.tgz",
      "integrity": "sha512-9bQFr2TezohU3KRSu9f6sfecXmf/x6RXDedl8CHF6fyuyVW7UqgNMRdWMHZQWuFY6Xqs2NYk+Fj4Z4vSOf7PQg==",
      "dev": true,
      "dependencies": {
        "cssesc": {
          "version": "2.0.0",
          "resolved": "https://registry.npmjs.org/cssesc/-/cssesc-2.0.0.tgz",
          "integrity": "sha512-MsCAG1z9lPdoO/IUMLSBWBSVxVtJ1395VGIQ+Fc2gNdkQ1hNDnQdw3YhA71WJCBW1vdwA0cAnk/DnW6bqoEUYg=="
        },
        "postcss-selector-parser": {
          "version": "5.0.0",
          "resolved": "https://registry.npmjs.org/postcss-selector-parser/-/postcss-selector-parser-5.0.0.tgz",
          "integrity": "sha512-w+zLE5Jhg6Liz8+rQOWEAwtwkyqpfnmsinXjXg6cY7YIONZZtgvE0v2O0uhQBs0peNomOJwWRKt6JBfTdTd3OQ=="
        }
      }
    },
    "postcss-simple-vars": {
      "version": "5.0.2",
      "resolved": "https://registry.npmjs.org/postcss-simple-vars/-/postcss-simple-vars-5.0.2.tgz",
      "integrity": "sha512-xWIufxBoINJv6JiLb7jl5oElgp+6puJwvT5zZHliUSydoLz4DADRB3NDDsYgfKVwojn4TDLiseoC65MuS8oGGg==",
      "dev": true
    },
    "style-loader": {
      "version": "1.0.0",
      "resolved": "https://registry.npmjs.org/style-loader/-/style-loader-1.0.0.tgz",
      "integrity": "sha512-B0dOCFwv7/eY31a5PCieNwMgMhVGFe9w+rh7s/Bx8kfFkrth9zfTZquoYvdw8URgiqxObQKcpW51Ugz1HjfdZw==",
      "dev": true,
      "dependencies": {
        "schema-utils": {
          "version": "2.5.0",
          "resolved": "https://registry.npmjs.org/schema-utils/-/schema-utils-2.5.0.tgz",
          "integrity": "sha512-32ISrwW2scPXHUSusP8qMg5dLUawKkyV+/qIEV9JdXKx+rsM6mi8vZY8khg2M69Qom16rtroWXD3Ybtiws38gQ=="
        }
      }
    },
    "webpack": {
      "version": "4.41.0",
      "resolved": "https://registry.npmjs.org/webpack/-/webpack-4.41.0.tgz",
      "integrity": "sha512-yNV98U4r7wX1VJAj5kyMsu36T8RPPQntcb5fJLOsMz/pt/WrKC0Vp1bAlqPLkA1LegSwQwf6P+kAbyhRKVQ72g==",
      "dev": true
    },
    "webpack-cli": {
      "version": "3.3.9",
      "resolved": "https://registry.npmjs.org/webpack-cli/-/webpack-cli-3.3.9.tgz",
      "integrity": "sha512-xwnSxWl8nZtBl/AFJCOn9pG7s5CYUYdZxmmukv+fAHLcBIHM36dImfpQg3WfShZXeArkWlf6QRw24Klcsv8a5A==",
      "dev": true,
      "dependencies": {
        "enhanced-resolve": {
          "version": "4.1.0",
          "resolved": "https://registry.npmjs.org/enhanced-resolve/-/enhanced-resolve-4.1.0.tgz",
          "integrity": "sha512-F/7vkyTtyc/llOIn8oWclcB25KdRaiPBpZYDgJHgh/UHtpgT2p2eldQgtQnLtUvfMKPKxbRaQM/hHkvLHt1Vng=="
        }
      }
    },
    "webpack-dev-server": {
      "version": "3.9.0",
      "resolved": "https://registry.npmjs.org/webpack-dev-server/-/webpack-dev-server-3.9.0.tgz",
      "integrity": "sha512-E6uQ4kRrTX9URN9s/lIbqTAztwEPdvzVrcmHE8EQ9YnuT9J8Es5Wrd8n9BKg1a0oZ5EgEke/EQFgUsp18dSTBw==",
      "dev": true,
      "dependencies": {
        "ansi-regex": {
          "version": "2.1.1",
          "resolved": "https://registry.npmjs.org/ansi-regex/-/ansi-regex-2.1.1.tgz",
          "integrity": "sha1-w7M6te42DYbg5ijwRorn7yfWVN8="
        },
        "cliui": {
          "version": "4.1.0",
          "resolved": "https://registry.npmjs.org/cliui/-/cliui-4.1.0.tgz",
          "integrity": "sha512-4FG+RSG9DL7uEwRUZXZn3SS34DiDPfzP0VOiEwtUWlE+AR2EIg+hSyvrIgUUfhdgR/UkAeW2QHgeP+hWrXs7jQ==",
          "dependencies": {
            "ansi-regex": {
              "version": "3.0.0",
              "resolved": "https://registry.npmjs.org/ansi-regex/-/ansi-regex-3.0.0.tgz",
              "integrity": "sha1-7QMXwyIGT3lGbAKWa922Bas32Zg="
            },
            "strip-ansi": {
              "version": "4.0.0",
              "resolved": "https://registry.npmjs.org/strip-ansi/-/strip-ansi-4.0.0.tgz",
              "integrity": "sha1-qEeQIusaw2iocTibY1JixQXuNo8="
            }
          }
        },
        "debug": {
          "version": "4.1.1",
          "resolved": "https://registry.npmjs.org/debug/-/debug-4.1.1.tgz",
          "integrity": "sha512-pYAIzeRo8J6KPEaJ0VWOh5Pzkbw/RetuzehGM7QRRX5he4fPHx2rdKMB256ehJCkX+XRQm16eZLqLNS8RSZXZw=="
        },
        "get-caller-file": {
          "version": "1.0.3",
          "resolved": "https://registry.npmjs.org/get-caller-file/-/get-caller-file-1.0.3.tgz",
          "integrity": "sha512-3t6rVToeoZfYSGd8YoLFR2DJkiQrIiUrGcjvFX2mDw3bn6k2OtwHN0TNCLbBO+w8qTvimhDkv+LSscbJY1vE6w=="
        },
        "ms": {
          "version": "2.1.2",
          "resolved": "https://registry.npmjs.org/ms/-/ms-2.1.2.tgz",
          "integrity": "sha512-sGkPx+VjMtmA6MX27oA4FBFELFCZZ4S4XqeGOXCv68tT+jb3vk/RyaKWP0PTKyWtmLSM0b+adUTEvbs1PEaH2w=="
        },
        "require-main-filename": {
          "version": "1.0.1",
          "resolved": "https://registry.npmjs.org/require-main-filename/-/require-main-filename-1.0.1.tgz",
          "integrity": "sha1-l/cXtp1IeE9fUmpsWqj/3aBVpNE="
        },
        "semver": {
          "version": "6.3.0",
          "resolved": "https://registry.npmjs.org/semver/-/semver-6.3.0.tgz",
          "integrity": "sha512-b39TBaTSfV6yBrapU89p5fKekE2m/NwnDocOVruQFS1/veMgdzuPcnOM34M6CwxW8jH/lxEa5rBoDeUwu5HHTw=="
        },
        "string-width": {
          "version": "2.1.1",
          "resolved": "https://registry.npmjs.org/string-width/-/string-width-2.1.1.tgz",
          "integrity": "sha512-nOqH59deCq9SRHlxq1Aw85Jnt4w6KvLKqWVik6oA9ZklXLNIOlqg4F2yrT1MVaTjAqvVwdfeZ7w7aCvJD7ugkw==",
          "dependencies": {
            "ansi-regex": {
              "version": "3.0.0",
              "resolved": "https://registry.npmjs.org/ansi-regex/-/ansi-regex-3.0.0.tgz",
              "integrity": "sha1-7QMXwyIGT3lGbAKWa922Bas32Zg="
            },
            "strip-ansi": {
              "version": "4.0.0",
              "resolved": "https://registry.npmjs.org/strip-ansi/-/strip-ansi-4.0.0.tgz",
              "integrity": "sha1-qEeQIusaw2iocTibY1JixQXuNo8="
            }
          }
        },
        "strip-ansi": {
          "version": "3.0.1",
          "resolved": "https://registry.npmjs.org/strip-ansi/-/strip-ansi-3.0.1.tgz",
          "integrity": "sha1-ajhfuIU9lS1f8F0Oiq+UJ43GPc8="
        },
        "wrap-ansi": {
          "version": "2.1.0",
          "resolved": "https://registry.npmjs.org/wrap-ansi/-/wrap-ansi-2.1.0.tgz",
          "integrity": "sha1-2Pw9KE3QV5T+hJc8rs3Rz4JP3YU=",
          "dependencies": {
            "is-fullwidth-code-point": {
              "version": "1.0.0",
              "resolved": "https://registry.npmjs.org/is-fullwidth-code-point/-/is-fullwidth-code-point-1.0.0.tgz",
              "integrity": "sha1-754xOG8DGn8NZDr4L95QxFfvAMs="
            },
            "string-width": {
              "version": "1.0.2",
              "resolved": "https://registry.npmjs.org/string-width/-/string-width-1.0.2.tgz",
              "integrity": "sha1-EYvfW4zcUaKn5w0hHgfisLmxB9M="
            }
          }
        },
        "yargs": {
          "version": "12.0.5",
          "resolved": "https://registry.npmjs.org/yargs/-/yargs-12.0.5.tgz",
          "integrity": "sha512-Lhz8TLaYnxq/2ObqHDql8dX8CJi97oHxrjUcYtzKbbykPtVW9WB+poxI+NM2UIzsMgNCZTIf0AQwsjK5yMAqZw=="
        },
        "yargs-parser": {
          "version": "11.1.1",
          "resolved": "https://registry.npmjs.org/yargs-parser/-/yargs-parser-11.1.1.tgz",
          "integrity": "sha512-C6kB/WJDiaxONLJQnF8ccx9SEeoTTLek8RVbaOIsrAUS8VrBEXfmeSnCZxygc+XC2sNMBIwOOnfcxiynjHsVSQ=="
        }
      }
    }
  }
}
